<?xml version="1.0" encoding="utf-8"?>
<Project ToolsVersion="4.0" xmlns="http://schemas.microsoft.com/developer/msbuild/2003">
  <ItemGroup>
    <Filter Include="Framework">
      <UniqueIdentifier>{93995380-89BD-4b04-88EB-625FBE52EBFB}</UniqueIdentifier>
      <Extensions>h;hpp;hxx;hm;inl;inc;xsd</Extensions>
    </Filter>
    <Filter Include="Tests">
      <UniqueIdentifier>{67DA6AB6-F800-4c08-8B7A-83BB121AAD01}</UniqueIdentifier>
      <Extensions>rc;ico;cur;bmp;dlg;rc2;rct;bin;rgs;gif;jpg;jpeg;jpe;resx;tiff;tif;png;wav;mfcribbon-ms</Extensions>
    </Filter>
    <Filter Include="Model">
      <UniqueIdentifier>{52d8e5f2-e090-4e44-a864-5efd91ba0f09}</UniqueIdentifier>
    </Filter>
    <Filter Include="View">
      <UniqueIdentifier>{7e7ad6c6-5473-4f84-a000-0da222223a59}</UniqueIdentifier>
    </Filter>
    <Filter Include="Controller">
      <UniqueIdentifier>{bc03da2e-29e8-401d-886d-29d483f20db8}</UniqueIdentifier>
    </Filter>
  </ItemGroup>
  <ItemGroup>
    <ClCompile Include="src\Tests\TestEntries.cpp">
      <Filter>Tests</Filter>
    </ClCompile>
    <ClCompile Include="src\Framework\Main.cpp">
      <Filter>Framework</Filter>
    </ClCompile>
    <ClCompile Include="src\Framework\Render.cpp">
      <Filter>Framework</Filter>
    </ClCompile>
    <ClCompile Include="src\Framework\Test.cpp">
      <Filter>Framework</Filter>
    </ClCompile>
    <ClCompile Include="App.cpp">
      <Filter>Controller</Filter>
    </ClCompile>
    <ClCompile Include="TimeManager.cpp">
      <Filter>Controller</Filter>
    </ClCompile>
  </ItemGroup>
  <ItemGroup>
    <ClInclude Include="src\Tests\AddPair.h">
      <Filter>Tests</Filter>
    </ClInclude>
    <ClInclude Include="src\Tests\ApplyForce.h">
      <Filter>Tests</Filter>
    </ClInclude>
    <ClInclude Include="src\Tests\BodyTypes.h">
      <Filter>Tests</Filter>
    </ClInclude>
    <ClInclude Include="src\Tests\Breakable.h">
      <Filter>Tests</Filter>
    </ClInclude>
    <ClInclude Include="src\Tests\Bridge.h">
      <Filter>Tests</Filter>
    </ClInclude>
    <ClInclude Include="src\Tests\BulletTest.h">
      <Filter>Tests</Filter>
    </ClInclude>
    <ClInclude Include="src\Tests\Cantilever.h">
      <Filter>Tests</Filter>
    </ClInclude>
    <ClInclude Include="src\Tests\Car.h">
      <Filter>Tests</Filter>
    </ClInclude>
    <ClInclude Include="src\Tests\Chain.h">
      <Filter>Tests</Filter>
    </ClInclude>
    <ClInclude Include="src\Tests\CharacterCollision.h">
      <Filter>Tests</Filter>
    </ClInclude>
    <ClInclude Include="src\Tests\CollisionFiltering.h">
      <Filter>Tests</Filter>
    </ClInclude>
    <ClInclude Include="src\Tests\CollisionProcessing.h">
      <Filter>Tests</Filter>
    </ClInclude>
    <ClInclude Include="src\Tests\CompoundShapes.h">
      <Filter>Tests</Filter>
    </ClInclude>
    <ClInclude Include="src\Tests\Confined.h">
      <Filter>Tests</Filter>
    </ClInclude>
    <ClInclude Include="src\Tests\ContinuousTest.h">
      <Filter>Tests</Filter>
    </ClInclude>
    <ClInclude Include="src\Tests\DistanceTest.h">
      <Filter>Tests</Filter>
    </ClInclude>
    <ClInclude Include="src\Tests\Dominos.h">
      <Filter>Tests</Filter>
    </ClInclude>
    <ClInclude Include="src\Tests\DumpShell.h">
      <Filter>Tests</Filter>
    </ClInclude>
    <ClInclude Include="src\Tests\DynamicTreeTest.h">
      <Filter>Tests</Filter>
    </ClInclude>
    <ClInclude Include="src\Tests\EdgeShapes.h">
      <Filter>Tests</Filter>
    </ClInclude>
    <ClInclude Include="src\Tests\EdgeTest.h">
      <Filter>Tests</Filter>
    </ClInclude>
    <ClInclude Include="src\Tests\Gears.h">
      <Filter>Tests</Filter>
    </ClInclude>
    <ClInclude Include="src\Tests\OneSidedPlatform.h">
      <Filter>Tests</Filter>
    </ClInclude>
    <ClInclude Include="src\Tests\Pinball.h">
      <Filter>Tests</Filter>
    </ClInclude>
    <ClInclude Include="src\Tests\PolyCollision.h">
      <Filter>Tests</Filter>
    </ClInclude>
    <ClInclude Include="src\Tests\PolyShapes.h">
      <Filter>Tests</Filter>
    </ClInclude>
    <ClInclude Include="src\Tests\Prismatic.h">
      <Filter>Tests</Filter>
    </ClInclude>
    <ClInclude Include="src\Tests\Pulleys.h">
      <Filter>Tests</Filter>
    </ClInclude>
    <ClInclude Include="src\Tests\Pyramid.h">
      <Filter>Tests</Filter>
    </ClInclude>
    <ClInclude Include="src\Tests\RayCast.h">
      <Filter>Tests</Filter>
    </ClInclude>
    <ClInclude Include="src\Tests\Revolute.h">
      <Filter>Tests</Filter>
    </ClInclude>
    <ClInclude Include="src\Tests\Rope.h">
      <Filter>Tests</Filter>
    </ClInclude>
    <ClInclude Include="src\Tests\RopeJoint.h">
      <Filter>Tests</Filter>
    </ClInclude>
    <ClInclude Include="src\Tests\SensorTest.h">
      <Filter>Tests</Filter>
    </ClInclude>
    <ClInclude Include="src\Tests\ShapeEditing.h">
      <Filter>Tests</Filter>
    </ClInclude>
    <ClInclude Include="src\Tests\SliderCrank.h">
      <Filter>Tests</Filter>
    </ClInclude>
    <ClInclude Include="src\Tests\SphereStack.h">
      <Filter>Tests</Filter>
    </ClInclude>
    <ClInclude Include="src\Tests\TheoJansen.h">
      <Filter>Tests</Filter>
    </ClInclude>
    <ClInclude Include="src\Tests\Tiles.h">
      <Filter>Tests</Filter>
    </ClInclude>
    <ClInclude Include="src\Tests\TimeOfImpact.h">
      <Filter>Tests</Filter>
    </ClInclude>
    <ClInclude Include="src\Tests\Tumbler.h">
      <Filter>Tests</Filter>
    </ClInclude>
    <ClInclude Include="src\Tests\VaryingFriction.h">
      <Filter>Tests</Filter>
    </ClInclude>
    <ClInclude Include="src\Tests\VaryingRestitution.h">
      <Filter>Tests</Filter>
    </ClInclude>
    <ClInclude Include="src\Tests\VerticalStack.h">
      <Filter>Tests</Filter>
    </ClInclude>
    <ClInclude Include="src\Tests\Web.h">
      <Filter>Tests</Filter>
    </ClInclude>
    <ClInclude Include="src\Framework\Render.h">
      <Filter>Framework</Filter>
    </ClInclude>
    <ClInclude Include="src\Framework\Test.h">
      <Filter>Framework</Filter>
    </ClInclude>
    <ClInclude Include="App.h">
      <Filter>Controller</Filter>
    </ClInclude>
    <ClInclude Include="TimeManager.h">
      <Filter>Controller</Filter>
    </ClInclude>
    <ClInclude Include="stdafx.h">
      <Filter>Controller</Filter>
    </ClInclude>
    <ClInclude Include="IMoveBumper.h">
      <Filter>Controller</Filter>
    </ClInclude>
    <ClInclude Include="Player.h">
      <Filter>Controller</Filter>
    </ClInclude>
    <ClInclude Include="Circle.h">
      <Filter>Model</Filter>
    </ClInclude>
    <ClInclude Include="Bumper.h">
      <Filter>Model</Filter>
    </ClInclude>
    <ClInclude Include="Rect.h">
      <Filter>Model</Filter>
    </ClInclude>
    <ClInclude Include="Vector2.h">
      <Filter>Model</Filter>
    </ClInclude>
    <ClInclude Include="CapsuleCollider.h">
      <Filter>Model</Filter>
    </ClInclude>
    <ClInclude Include="Transform.h">
      <Filter>Model</Filter>
    </ClInclude>
    <ClInclude Include="Ball.h">
      <Filter>Model</Filter>
    </ClInclude>
  </ItemGroup>
</Project>